
Microsoft Visual Studio Solution File, Format Version 12.00
# Visual Studio Version 16
Project("{F2A71F9B-5D33-465A-A702-920D77279786}") = "PackWallet", "src\PackWallet\PackWallet.fsproj", "{23AE2DF5-6284-404B-A583-05A02539B0DF}"
EndProject
Project("{FAE04EC0-301F-11D3-BF4B-00C04F79EFBC}") = "PackWallet.Tests.Integration", "src\PackWallet.Tests.Integration\PackWallet.Tests.Integration.csproj", "{0A88324C-3B50-4851-A67F-FA084BDC6148}"
EndProject
Global
	GlobalSection(SolutionConfigurationPlatforms) = preSolution
		Debug|Any CPU = Debug|Any CPU
		Release|Any CPU = Release|Any CPU
	EndGlobalSection
	GlobalSection(ProjectConfigurationPlatforms) = postSolution
		{23AE2DF5-6284-404B-A583-05A02539B0DF}.Debug|Any CPU.ActiveCfg = Debug|Any CPU
		{23AE2DF5-6284-404B-A583-05A02539B0DF}.Debug|Any CPU.Build.0 = Debug|Any CPU
		{23AE2DF5-6284-404B-A583-05A02539B0DF}.Release|Any CPU.ActiveCfg = Release|Any CPU
		{23AE2DF5-6284-404B-A583-05A02539B0DF}.Release|Any CPU.Build.0 = Release|Any CPU
		{0A88324C-3B50-4851-A67F-FA084BDC6148}.Debug|Any CPU.ActiveCfg = Debug|Any CPU
		{0A88324C-3B50-4851-A67F-FA084BDC6148}.Debug|Any CPU.Build.0 = Debug|Any CPU
		{0A88324C-3B50-4851-A67F-FA084BDC6148}.Release|Any CPU.ActiveCfg = Release|Any CPU
		{0A88324C-3B50-4851-A67F-FA084BDC6148}.Release|Any CPU.Build.0 = Release|Any CPU
	EndGlobalSection
EndGlobal
